
Microsoft Visual Studio Solution File, Format Version 12.00
# Visual Studio Version 17
VisualStudioVersion = 17.10.34928.147
MinimumVisualStudioVersion = 10.0.40219.1
Project("{FAE04EC0-301F-11D3-BF4B-00C04F79EFBC}") = "ACA_GMW_2024", "ACA_GMW_2024.csproj", "{133EF153-F888-4663-8E28-2DF430585165}"
EndProject
Global
	GlobalSection(SolutionConfigurationPlatforms) = preSolution
		Debug|Any CPU = Debug|Any CPU
		Release|Any CPU = Release|Any CPU
	EndGlobalSection
	GlobalSection(ProjectConfigurationPlatforms) = postSolution
		{133EF153-F888-4663-8E28-2DF430585165}.Debug|Any CPU.ActiveCfg = Debug|Any CPU
		{133EF153-F888-4663-8E28-2DF430585165}.Debug|Any CPU.Build.0 = Debug|Any CPU
		{133EF153-F888-4663-8E28-2DF430585165}.Release|Any CPU.ActiveCfg = Release|Any CPU
		{133EF153-F888-4663-8E28-2DF430585165}.Release|Any CPU.Build.0 = Release|Any CPU
	EndGlobalSection
	GlobalSection(SolutionProperties) = preSolution
		HideSolutionNode = FALSE
	EndGlobalSection
	GlobalSection(ExtensibilityGlobals) = postSolution
		SolutionGuid = {B7B7833D-CB1E-4308-B502-39527509DFAE}
	EndGlobalSection
EndGlobal
